
Microsoft Visual Studio Solution File, Format Version 12.00
# Visual Studio 15
VisualStudioVersion = 15.0.27130.2036
MinimumVisualStudioVersion = 10.0.40219.1
Project("{FAE04EC0-301F-11D3-BF4B-00C04F79EFBC}") = "MovieStoreWebsiteMVC", "MovieStoreWebsiteMVC\MovieStoreWebsiteMVC.csproj", "{100FDC41-6B2A-4984-A0B1-9B593374F360}"
EndProject
Project("{FAE04EC0-301F-11D3-BF4B-00C04F79EFBC}") = "MovieStoreDomainTests", "MovieStoreDomainTests\MovieStoreDomainTests.csproj", "{A86A1C8E-B152-4273-83DA-4ADDEDD89AEE}"
EndProject
Project("{FAE04EC0-301F-11D3-BF4B-00C04F79EFBC}") = "Migrations", "workshop.migrations\Migrations.csproj", "{79C3E1F6-5747-4B0A-84C1-BD6F50A2FAEA}"
EndProject
Project("{FAE04EC0-301F-11D3-BF4B-00C04F79EFBC}") = "Infrastructure", "Accounting\Infrastructure.csproj", "{CFB9A197-CBDA-4CB7-9893-240A6A2A9527}"
EndProject
Project("{FAE04EC0-301F-11D3-BF4B-00C04F79EFBC}") = "MovieStoreDomain", "MovieStoreDomain\MovieStoreDomain.csproj", "{D644FA89-6E62-4A5D-AAE0-FCC7A84D4A60}"
EndProject
Project("{9A19103F-16F7-4668-BE54-9A1E7A4F7556}") = "CuttlefishServiceHost", "CuttleFishHost\CuddleFishHost\CuttlefishServiceHost.csproj", "{88D8BB9E-B9BD-4291-B13A-5C033267D080}"
EndProject
Project("{9A19103F-16F7-4668-BE54-9A1E7A4F7556}") = "CuddleFishCliConsole", "CuddleFish\CuddleFishCliConsole.csproj", "{3FB916F7-07BE-4924-BCCE-1496ADE661FE}"
EndProject
Project("{FAE04EC0-301F-11D3-BF4B-00C04F79EFBC}") = "CuddleFishServices", "CuddleFishServices\CuddleFishServices.csproj", "{394E2A15-377D-4C9C-8FD1-456280C0E56E}"
EndProject
Project("{FAE04EC0-301F-11D3-BF4B-00C04F79EFBC}") = "WebServices", "..\b_Web\WebServices.csproj", "{0171F982-58AA-4BBA-9E2B-871B2CAF665D}"
EndProject
Global
	GlobalSection(SolutionConfigurationPlatforms) = preSolution
		Debug|Any CPU = Debug|Any CPU
		Debug|x64 = Debug|x64
		Release|Any CPU = Release|Any CPU
		Release|x64 = Release|x64
	EndGlobalSection
	GlobalSection(ProjectConfigurationPlatforms) = postSolution
		{100FDC41-6B2A-4984-A0B1-9B593374F360}.Debug|Any CPU.ActiveCfg = Debug|Any CPU
		{100FDC41-6B2A-4984-A0B1-9B593374F360}.Debug|Any CPU.Build.0 = Debug|Any CPU
		{100FDC41-6B2A-4984-A0B1-9B593374F360}.Debug|x64.ActiveCfg = Debug|Any CPU
		{100FDC41-6B2A-4984-A0B1-9B593374F360}.Debug|x64.Build.0 = Debug|Any CPU
		{100FDC41-6B2A-4984-A0B1-9B593374F360}.Release|Any CPU.ActiveCfg = Release|Any CPU
		{100FDC41-6B2A-4984-A0B1-9B593374F360}.Release|Any CPU.Build.0 = Release|Any CPU
		{100FDC41-6B2A-4984-A0B1-9B593374F360}.Release|x64.ActiveCfg = Release|Any CPU
		{100FDC41-6B2A-4984-A0B1-9B593374F360}.Release|x64.Build.0 = Release|Any CPU
		{A86A1C8E-B152-4273-83DA-4ADDEDD89AEE}.Debug|Any CPU.ActiveCfg = Debug|Any CPU
		{A86A1C8E-B152-4273-83DA-4ADDEDD89AEE}.Debug|Any CPU.Build.0 = Debug|Any CPU
		{A86A1C8E-B152-4273-83DA-4ADDEDD89AEE}.Debug|x64.ActiveCfg = Debug|Any CPU
		{A86A1C8E-B152-4273-83DA-4ADDEDD89AEE}.Debug|x64.Build.0 = Debug|Any CPU
		{A86A1C8E-B152-4273-83DA-4ADDEDD89AEE}.Release|Any CPU.ActiveCfg = Release|Any CPU
		{A86A1C8E-B152-4273-83DA-4ADDEDD89AEE}.Release|Any CPU.Build.0 = Release|Any CPU
		{A86A1C8E-B152-4273-83DA-4ADDEDD89AEE}.Release|x64.ActiveCfg = Release|Any CPU
		{A86A1C8E-B152-4273-83DA-4ADDEDD89AEE}.Release|x64.Build.0 = Release|Any CPU
		{79C3E1F6-5747-4B0A-84C1-BD6F50A2FAEA}.Debug|Any CPU.ActiveCfg = Debug|Any CPU
		{79C3E1F6-5747-4B0A-84C1-BD6F50A2FAEA}.Debug|Any CPU.Build.0 = Debug|Any CPU
		{79C3E1F6-5747-4B0A-84C1-BD6F50A2FAEA}.Debug|x64.ActiveCfg = Debug|Any CPU
		{79C3E1F6-5747-4B0A-84C1-BD6F50A2FAEA}.Debug|x64.Build.0 = Debug|Any CPU
		{79C3E1F6-5747-4B0A-84C1-BD6F50A2FAEA}.Release|Any CPU.ActiveCfg = Release|Any CPU
		{79C3E1F6-5747-4B0A-84C1-BD6F50A2FAEA}.Release|Any CPU.Build.0 = Release|Any CPU
		{79C3E1F6-5747-4B0A-84C1-BD6F50A2FAEA}.Release|x64.ActiveCfg = Release|Any CPU
		{79C3E1F6-5747-4B0A-84C1-BD6F50A2FAEA}.Release|x64.Build.0 = Release|Any CPU
		{CFB9A197-CBDA-4CB7-9893-240A6A2A9527}.Debug|Any CPU.ActiveCfg = Debug|Any CPU
		{CFB9A197-CBDA-4CB7-9893-240A6A2A9527}.Debug|Any CPU.Build.0 = Debug|Any CPU
		{CFB9A197-CBDA-4CB7-9893-240A6A2A9527}.Debug|x64.ActiveCfg = Debug|Any CPU
		{CFB9A197-CBDA-4CB7-9893-240A6A2A9527}.Debug|x64.Build.0 = Debug|Any CPU
		{CFB9A197-CBDA-4CB7-9893-240A6A2A9527}.Release|Any CPU.ActiveCfg = Release|Any CPU
		{CFB9A197-CBDA-4CB7-9893-240A6A2A9527}.Release|Any CPU.Build.0 = Release|Any CPU
		{CFB9A197-CBDA-4CB7-9893-240A6A2A9527}.Release|x64.ActiveCfg = Release|Any CPU
		{CFB9A197-CBDA-4CB7-9893-240A6A2A9527}.Release|x64.Build.0 = Release|Any CPU
		{D644FA89-6E62-4A5D-AAE0-FCC7A84D4A60}.Debug|Any CPU.ActiveCfg = Debug|Any CPU
		{D644FA89-6E62-4A5D-AAE0-FCC7A84D4A60}.Debug|Any CPU.Build.0 = Debug|Any CPU
		{D644FA89-6E62-4A5D-AAE0-FCC7A84D4A60}.Debug|x64.ActiveCfg = Debug|Any CPU
		{D644FA89-6E62-4A5D-AAE0-FCC7A84D4A60}.Debug|x64.Build.0 = Debug|Any CPU
		{D644FA89-6E62-4A5D-AAE0-FCC7A84D4A60}.Release|Any CPU.ActiveCfg = Release|Any CPU
		{D644FA89-6E62-4A5D-AAE0-FCC7A84D4A60}.Release|Any CPU.Build.0 = Release|Any CPU
		{D644FA89-6E62-4A5D-AAE0-FCC7A84D4A60}.Release|x64.ActiveCfg = Release|Any CPU
		{D644FA89-6E62-4A5D-AAE0-FCC7A84D4A60}.Release|x64.Build.0 = Release|Any CPU
		{88D8BB9E-B9BD-4291-B13A-5C033267D080}.Debug|Any CPU.ActiveCfg = Debug|Any CPU
		{88D8BB9E-B9BD-4291-B13A-5C033267D080}.Debug|Any CPU.Build.0 = Debug|Any CPU
		{88D8BB9E-B9BD-4291-B13A-5C033267D080}.Debug|x64.ActiveCfg = Debug|Any CPU
		{88D8BB9E-B9BD-4291-B13A-5C033267D080}.Debug|x64.Build.0 = Debug|Any CPU
		{88D8BB9E-B9BD-4291-B13A-5C033267D080}.Release|Any CPU.ActiveCfg = Release|Any CPU
		{88D8BB9E-B9BD-4291-B13A-5C033267D080}.Release|Any CPU.Build.0 = Release|Any CPU
		{88D8BB9E-B9BD-4291-B13A-5C033267D080}.Release|x64.ActiveCfg = Release|Any CPU
		{88D8BB9E-B9BD-4291-B13A-5C033267D080}.Release|x64.Build.0 = Release|Any CPU
		{3FB916F7-07BE-4924-BCCE-1496ADE661FE}.Debug|Any CPU.ActiveCfg = Debug|Any CPU
		{3FB916F7-07BE-4924-BCCE-1496ADE661FE}.Debug|Any CPU.Build.0 = Debug|Any CPU
		{3FB916F7-07BE-4924-BCCE-1496ADE661FE}.Debug|x64.ActiveCfg = Debug|Any CPU
		{3FB916F7-07BE-4924-BCCE-1496ADE661FE}.Debug|x64.Build.0 = Debug|Any CPU
		{3FB916F7-07BE-4924-BCCE-1496ADE661FE}.Release|Any CPU.ActiveCfg = Release|Any CPU
		{3FB916F7-07BE-4924-BCCE-1496ADE661FE}.Release|Any CPU.Build.0 = Release|Any CPU
		{3FB916F7-07BE-4924-BCCE-1496ADE661FE}.Release|x64.ActiveCfg = Release|Any CPU
		{3FB916F7-07BE-4924-BCCE-1496ADE661FE}.Release|x64.Build.0 = Release|Any CPU
		{394E2A15-377D-4C9C-8FD1-456280C0E56E}.Debug|Any CPU.ActiveCfg = Debug|Any CPU
		{394E2A15-377D-4C9C-8FD1-456280C0E56E}.Debug|Any CPU.Build.0 = Debug|Any CPU
		{394E2A15-377D-4C9C-8FD1-456280C0E56E}.Debug|x64.ActiveCfg = Debug|Any CPU
		{394E2A15-377D-4C9C-8FD1-456280C0E56E}.Debug|x64.Build.0 = Debug|Any CPU
		{394E2A15-377D-4C9C-8FD1-456280C0E56E}.Release|Any CPU.ActiveCfg = Release|Any CPU
		{394E2A15-377D-4C9C-8FD1-456280C0E56E}.Release|Any CPU.Build.0 = Release|Any CPU
		{394E2A15-377D-4C9C-8FD1-456280C0E56E}.Release|x64.ActiveCfg = Release|Any CPU
		{394E2A15-377D-4C9C-8FD1-456280C0E56E}.Release|x64.Build.0 = Release|Any CPU
		{0171F982-58AA-4BBA-9E2B-871B2CAF665D}.Debug|Any CPU.ActiveCfg = Debug|Any CPU
		{0171F982-58AA-4BBA-9E2B-871B2CAF665D}.Debug|Any CPU.Build.0 = Debug|Any CPU
		{0171F982-58AA-4BBA-9E2B-871B2CAF665D}.Debug|x64.ActiveCfg = Debug|x64
		{0171F982-58AA-4BBA-9E2B-871B2CAF665D}.Debug|x64.Build.0 = Debug|x64
		{0171F982-58AA-4BBA-9E2B-871B2CAF665D}.Release|Any CPU.ActiveCfg = Release|Any CPU
		{0171F982-58AA-4BBA-9E2B-871B2CAF665D}.Release|Any CPU.Build.0 = Release|Any CPU
		{0171F982-58AA-4BBA-9E2B-871B2CAF665D}.Release|x64.ActiveCfg = Release|x64
		{0171F982-58AA-4BBA-9E2B-871B2CAF665D}.Release|x64.Build.0 = Release|x64
	EndGlobalSection
	GlobalSection(SolutionProperties) = preSolution
		HideSolutionNode = FALSE
	EndGlobalSection
	GlobalSection(ExtensibilityGlobals) = postSolution
		SolutionGuid = {E96EC8DA-4C64-42B2-962E-247023EF2947}
	EndGlobalSection
EndGlobal
